
Microsoft Visual Studio Solution File, Format Version 12.00
# Visual Studio 15
VisualStudioVersion = 15.0.28307.329
MinimumVisualStudioVersion = 10.0.40219.1
Project("{FAE04EC0-301F-11D3-BF4B-00C04F79EFBC}") = "Program6_Crypto", "Program6_Crypto\Program6_Crypto.csproj", "{841B6889-BFA8-4910-B23D-30E3ED98F3BC}"
EndProject
Global
	GlobalSection(SolutionConfigurationPlatforms) = preSolution
		Debug|Any CPU = Debug|Any CPU
		Release|Any CPU = Release|Any CPU
	EndGlobalSection
	GlobalSection(ProjectConfigurationPlatforms) = postSolution
		{841B6889-BFA8-4910-B23D-30E3ED98F3BC}.Debug|Any CPU.ActiveCfg = Debug|Any CPU
		{841B6889-BFA8-4910-B23D-30E3ED98F3BC}.Debug|Any CPU.Build.0 = Debug|Any CPU
		{841B6889-BFA8-4910-B23D-30E3ED98F3BC}.Release|Any CPU.ActiveCfg = Release|Any CPU
		{841B6889-BFA8-4910-B23D-30E3ED98F3BC}.Release|Any CPU.Build.0 = Release|Any CPU
	EndGlobalSection
	GlobalSection(SolutionProperties) = preSolution
		HideSolutionNode = FALSE
	EndGlobalSection
	GlobalSection(ExtensibilityGlobals) = postSolution
		SolutionGuid = {72B885B5-8E46-45B7-B53C-9BAF5993385F}
	EndGlobalSection
EndGlobal
