
Microsoft Visual Studio Solution File, Format Version 12.00
# Visual Studio 15
VisualStudioVersion = 15.0.28307.329
MinimumVisualStudioVersion = 10.0.40219.1
Project("{FAE04EC0-301F-11D3-BF4B-00C04F79EFBC}") = "Program1_Crypto", "Program1_Crypto\Program1_Crypto.csproj", "{F612E261-6CCF-407B-A66D-6796CACFFFEC}"
EndProject
Global
	GlobalSection(SolutionConfigurationPlatforms) = preSolution
		Debug|Any CPU = Debug|Any CPU
		Release|Any CPU = Release|Any CPU
	EndGlobalSection
	GlobalSection(ProjectConfigurationPlatforms) = postSolution
		{F612E261-6CCF-407B-A66D-6796CACFFFEC}.Debug|Any CPU.ActiveCfg = Debug|Any CPU
		{F612E261-6CCF-407B-A66D-6796CACFFFEC}.Debug|Any CPU.Build.0 = Debug|Any CPU
		{F612E261-6CCF-407B-A66D-6796CACFFFEC}.Release|Any CPU.ActiveCfg = Release|Any CPU
		{F612E261-6CCF-407B-A66D-6796CACFFFEC}.Release|Any CPU.Build.0 = Release|Any CPU
	EndGlobalSection
	GlobalSection(SolutionProperties) = preSolution
		HideSolutionNode = FALSE
	EndGlobalSection
	GlobalSection(ExtensibilityGlobals) = postSolution
		SolutionGuid = {14D56CF7-849F-490F-82CF-D420999C8C8C}
	EndGlobalSection
EndGlobal
