
Microsoft Visual Studio Solution File, Format Version 12.00
# Visual Studio 15
VisualStudioVersion = 15.0.28307.329
MinimumVisualStudioVersion = 10.0.40219.1
Project("{FAE04EC0-301F-11D3-BF4B-00C04F79EFBC}") = "Program8_Crypto", "Program8_Crypto\Program8_Crypto.csproj", "{662312D6-B9E5-4D3B-ABD5-32068377C074}"
EndProject
Global
	GlobalSection(SolutionConfigurationPlatforms) = preSolution
		Debug|Any CPU = Debug|Any CPU
		Release|Any CPU = Release|Any CPU
	EndGlobalSection
	GlobalSection(ProjectConfigurationPlatforms) = postSolution
		{662312D6-B9E5-4D3B-ABD5-32068377C074}.Debug|Any CPU.ActiveCfg = Debug|Any CPU
		{662312D6-B9E5-4D3B-ABD5-32068377C074}.Debug|Any CPU.Build.0 = Debug|Any CPU
		{662312D6-B9E5-4D3B-ABD5-32068377C074}.Release|Any CPU.ActiveCfg = Release|Any CPU
		{662312D6-B9E5-4D3B-ABD5-32068377C074}.Release|Any CPU.Build.0 = Release|Any CPU
	EndGlobalSection
	GlobalSection(SolutionProperties) = preSolution
		HideSolutionNode = FALSE
	EndGlobalSection
	GlobalSection(ExtensibilityGlobals) = postSolution
		SolutionGuid = {7635EDCF-6C90-44A9-9F8E-9C7A857BC164}
	EndGlobalSection
EndGlobal
